[[package]]
name = "simple-term-menu"
version = "1.6.1"
description = "A Python package which creates simple interactive menus on the command line."
category = "main"
optional = false
python-versions = "~=3.5"

[metadata]
lock-version = "1.1"
python-versions = "^3.10"
content-hash = "a0a13ca661aaf75495783a3ef1672e46671f04c4a6072072d9f03f087424aebf"

[metadata.files]
simple-term-menu = [
    {file = "simple-term-menu-1.6.1.tar.gz", hash = "sha256:368b4158d1749b868552fb6c054b8301785086c71a7253dac8404cc3cb2d30e8"},
    {file = "simple_term_menu-1.6.1-py3-none-any.whl", hash = "sha256:f12945d5c6998088e86a228e0aff12ff655f5bfad786c86677f23faa1d2afa50"},
]
